
Microsoft Visual Studio Solution File, Format Version 12.00
# Visual Studio Version 17
VisualStudioVersion = 17.14.36603.0
MinimumVisualStudioVersion = 10.0.40219.1
Project("{FAE04EC0-301F-11D3-BF4B-00C04F79EFBC}") = "Uni2ClupProjectBackend", "Uni2ClupProject\Uni2ClupProjectBackend.csproj", "{2D677BE5-5AF2-4CFE-9E20-09D9A634B990}"
EndProject
Project("{2150E333-8FDC-42A3-9474-1A3956D46DE8}") = "Çözüm Öğeleri", "Çözüm Öğeleri", "{AC80F682-3D55-C8F8-4895-A4A9EDD49434}"
	ProjectSection(SolutionItems) = preProject
		.gitignore = .gitignore
		docker-compose.yml = docker-compose.yml
	EndProjectSection
EndProject
Global
	GlobalSection(SolutionConfigurationPlatforms) = preSolution
		Debug|Any CPU = Debug|Any CPU
		Release|Any CPU = Release|Any CPU
	EndGlobalSection
	GlobalSection(ProjectConfigurationPlatforms) = postSolution
		{2D677BE5-5AF2-4CFE-9E20-09D9A634B990}.Debug|Any CPU.ActiveCfg = Debug|Any CPU
		{2D677BE5-5AF2-4CFE-9E20-09D9A634B990}.Debug|Any CPU.Build.0 = Debug|Any CPU
		{2D677BE5-5AF2-4CFE-9E20-09D9A634B990}.Release|Any CPU.ActiveCfg = Release|Any CPU
		{2D677BE5-5AF2-4CFE-9E20-09D9A634B990}.Release|Any CPU.Build.0 = Release|Any CPU
	EndGlobalSection
	GlobalSection(SolutionProperties) = preSolution
		HideSolutionNode = FALSE
	EndGlobalSection
	GlobalSection(ExtensibilityGlobals) = postSolution
		SolutionGuid = {109E3F58-BD5E-484D-8792-82D41ADC0896}
	EndGlobalSection
EndGlobal
